// !$*UTF8*$!
{
	archiveVersion = 1;
	classes = {
	};
	objectVersion = 77;
	objects = {

/* Begin PBXBuildFile section */
		CA704B4C2D848EB90085EF01 /* CodableCSV in Frameworks */ = {isa = PBXBuildFile; productRef = CA704B4B2D848EB90085EF01 /* CodableCSV */; };
/* End PBXBuildFile section */

/* Begin PBXContainerItemProxy section */
		CA704B152D848C610085EF01 /* PBXContainerItemProxy */ = {
			isa = PBXContainerItemProxy;
			containerPortal = CA704AFC2D848C5E0085EF01 /* Project object */;
			proxyType = 1;
			remoteGlobalIDString = CA704B032D848C5E0085EF01;
			remoteInfo = DataAnalysis;
		};
		CA704B1F2D848C610085EF01 /* PBXContainerItemProxy */ = {
			isa = PBXContainerItemProxy;
			containerPortal = CA704AFC2D848C5E0085EF01 /* Project object */;
			proxyType = 1;
			remoteGlobalIDString = CA704B032D848C5E0085EF01;
			remoteInfo = DataAnalysis;
		};
/* End PBXContainerItemProxy section */

/* Begin PBXFileReference section */
		CA704B042D848C5E0085EF01 /* DataAnalysis.app */ = {isa = PBXFileReference; explicitFileType = wrapper.application; includeInIndex = 0; path = DataAnalysis.app; sourceTree = BUILT_PRODUCTS_DIR; };
		CA704B142D848C610085EF01 /* DataAnalysisTests.xctest */ = {isa = PBXFileReference; explicitFileType = wrapper.cfbundle; includeInIndex = 0; path = DataAnalysisTests.xctest; sourceTree = BUILT_PRODUCTS_DIR; };
		CA704B1E2D848C610085EF01 /* DataAnalysisUITests.xctest */ = {isa = PBXFileReference; explicitFileType = wrapper.cfbundle; includeInIndex = 0; path = DataAnalysisUITests.xctest; sourceTree = BUILT_PRODUCTS_DIR; };
/* End PBXFileReference section */

/* Begin PBXFileSystemSynchronizedRootGroup section */
		CA704B062D848C5E0085EF01 /* DataAnalysis */ = {
			isa = PBXFileSystemSynchronizedRootGroup;
			path = DataAnalysis;
			sourceTree = "<group>";
		};
		CA704B172D848C610085EF01 /* DataAnalysisTests */ = {
			isa = PBXFileSystemSynchronizedRootGroup;
			path = DataAnalysisTests;
			sourceTree = "<group>";
		};
		CA704B212D848C610085EF01 /* DataAnalysisUITests */ = {
			isa = PBXFileSystemSynchronizedRootGroup;
			path = DataAnalysisUITests;
			sourceTree = "<group>";
		};
/* End PBXFileSystemSynchronizedRootGroup section */

/* Begin PBXFrameworksBuildPhase section */
		CA704B012D848C5E0085EF01 /* Frameworks */ = {
			isa = PBXFrameworksBuildPhase;
			buildActionMask = 2147483647;
			files = (
				CA704B4C2D848EB90085EF01 /* CodableCSV in Frameworks */,
			);
			runOnlyForDeploymentPostprocessing = 0;
		};
		CA704B112D848C610085EF01 /* Frameworks */ = {
			isa = PBXFrameworksBuildPhase;
			buildActionMask = 2147483647;
			files = (
			);
			runOnlyForDeploymentPostprocessing = 0;
		};
		CA704B1B2D848C610085EF01 /* Frameworks */ = {
			isa = PBXFrameworksBuildPhase;
			buildActionMask = 2147483647;
			files = (
			);
			runOnlyForDeploymentPostprocessing = 0;
		};
/* End PBXFrameworksBuildPhase section */

/* Begin PBXGroup section */
		CA704AFB2D848C5E0085EF01 = {
			isa = PBXGroup;
			children = (
				CA704B062D848C5E0085EF01 /* DataAnalysis */,
				CA704B172D848C610085EF01 /* DataAnalysisTests */,
				CA704B212D848C610085EF01 /* DataAnalysisUITests */,
				CA704B052D848C5E0085EF01 /* Products */,
			);
			sourceTree = "<group>";
		};
		CA704B052D848C5E0085EF01 /* Products */ = {
			isa = PBXGroup;
			children = (
				CA704B042D848C5E0085EF01 /* DataAnalysis.app */,
				CA704B142D848C610085EF01 /* DataAnalysisTests.xctest */,
				CA704B1E2D848C610085EF01 /* DataAnalysisUITests.xctest */,
			);
			name = Products;
			sourceTree = "<group>";
		};
/* End PBXGroup section */

/* Begin PBXNativeTarget section */
		CA704B032D848C5E0085EF01 /* DataAnalysis */ = {
			isa = PBXNativeTarget;
			buildConfigurationList = CA704B282D848C610085EF01 /* Build configuration list for PBXNativeTarget "DataAnalysis" */;
			buildPhases = (
				CA704B002D848C5E0085EF01 /* Sources */,
				CA704B012D848C5E0085EF01 /* Frameworks */,
				CA704B022D848C5E0085EF01 /* Resources */,
			);
			buildRules = (
			);
			dependencies = (
				CA704B4A2D848D560085EF01 /* PBXTargetDependency */,
			);
			fileSystemSynchronizedGroups = (
				CA704B062D848C5E0085EF01 /* DataAnalysis */,
			);
			name = DataAnalysis;
			packageProductDependencies = (
				CA704B4B2D848EB90085EF01 /* CodableCSV */,
			);
			productName = DataAnalysis;
			productReference = CA704B042D848C5E0085EF01 /* DataAnalysis.app */;
			productType = "com.apple.product-type.application";
		};
		CA704B132D848C610085EF01 /* DataAnalysisTests */ = {
			isa = PBXNativeTarget;
			buildConfigurationList = CA704B2B2D848C610085EF01 /* Build configuration list for PBXNativeTarget "DataAnalysisTests" */;
			buildPhases = (
				CA704B102D848C610085EF01 /* Sources */,
				CA704B112D848C610085EF01 /* Frameworks */,
				CA704B122D848C610085EF01 /* Resources */,
			);
			buildRules = (
			);
			dependencies = (
				CA704B162D848C610085EF01 /* PBXTargetDependency */,
			);
			fileSystemSynchronizedGroups = (
				CA704B172D848C610085EF01 /* DataAnalysisTests */,
			);
			name = DataAnalysisTests;
			packageProductDependencies = (
			);
			productName = DataAnalysisTests;
			productReference = CA704B142D848C610085EF01 /* DataAnalysisTests.xctest */;
			productType = "com.apple.product-type.bundle.unit-test";
		};
		CA704B1D2D848C610085EF01 /* DataAnalysisUITests */ = {
			isa = PBXNativeTarget;
			buildConfigurationList = CA704B2E2D848C610085EF01 /* Build configuration list for PBXNativeTarget "DataAnalysisUITests" */;
			buildPhases = (
				CA704B1A2D848C610085EF01 /* Sources */,
				CA704B1B2D848C610085EF01 /* Frameworks */,
				CA704B1C2D848C610085EF01 /* Resources */,
			);
			buildRules = (
			);
			dependencies = (
				CA704B202D848C610085EF01 /* PBXTargetDependency */,
			);
			fileSystemSynchronizedGroups = (
				CA704B212D848C610085EF01 /* DataAnalysisUITests */,
			);
			name = DataAnalysisUITests;
			packageProductDependencies = (
			);
			productName = DataAnalysisUITests;
			productReference = CA704B1E2D848C610085EF01 /* DataAnalysisUITests.xctest */;
			productType = "com.apple.product-type.bundle.ui-testing";
		};
/* End PBXNativeTarget section */

/* Begin PBXProject section */
		CA704AFC2D848C5E0085EF01 /* Project object */ = {
			isa = PBXProject;
			attributes = {
				BuildIndependentTargetsInParallel = 1;
				LastSwiftUpdateCheck = 1620;
				LastUpgradeCheck = 1620;
				TargetAttributes = {
					CA704B032D848C5E0085EF01 = {
						CreatedOnToolsVersion = 16.2;
					};
					CA704B132D848C610085EF01 = {
						CreatedOnToolsVersion = 16.2;
						TestTargetID = CA704B032D848C5E0085EF01;
					};
					CA704B1D2D848C610085EF01 = {
						CreatedOnToolsVersion = 16.2;
						TestTargetID = CA704B032D848C5E0085EF01;
					};
				};
			};
			buildConfigurationList = CA704AFF2D848C5E0085EF01 /* Build configuration list for PBXProject "DataAnalysis" */;
			developmentRegion = en;
			hasScannedForEncodings = 0;
			knownRegions = (
				en,
				Base,
			);
			mainGroup = CA704AFB2D848C5E0085EF01;
			minimizedProjectReferenceProxies = 1;
			packageReferences = (
				CA704B462D848CC50085EF01 /* XCRemoteSwiftPackageReference "CodableCSV" */,
			);
			preferredProjectObjectVersion = 77;
			productRefGroup = CA704B052D848C5E0085EF01 /* Products */;
			projectDirPath = "";
			projectRoot = "";
			targets = (
				CA704B032D848C5E0085EF01 /* DataAnalysis */,
				CA704B132D848C610085EF01 /* DataAnalysisTests */,
				CA704B1D2D848C610085EF01 /* DataAnalysisUITests */,
			);
		};
/* End PBXProject section */

/* Begin PBXResourcesBuildPhase section */
		CA704B022D848C5E0085EF01 /* Resources */ = {
			isa = PBXResourcesBuildPhase;
			buildActionMask = 2147483647;
			files = (
			);
			runOnlyForDeploymentPostprocessing = 0;
		};
		CA704B122D848C610085EF01 /* Resources */ = {
			isa = PBXResourcesBuildPhase;
			buildActionMask = 2147483647;
			files = (
			);
			runOnlyForDeploymentPostprocessing = 0;
		};
		CA704B1C2D848C610085EF01 /* Resources */ = {
			isa = PBXResourcesBuildPhase;
			buildActionMask = 2147483647;
			files = (
			);
			runOnlyForDeploymentPostprocessing = 0;
		};
/* End PBXResourcesBuildPhase section */

/* Begin PBXSourcesBuildPhase section */
		CA704B002D848C5E0085EF01 /* Sources */ = {
			isa = PBXSourcesBuildPhase;
			buildActionMask = 2147483647;
			files = (
			);
			runOnlyForDeploymentPostprocessing = 0;
		};
		CA704B102D848C610085EF01 /* Sources */ = {
			isa = PBXSourcesBuildPhase;
			buildActionMask = 2147483647;
			files = (
			);
			runOnlyForDeploymentPostprocessing = 0;
		};
		CA704B1A2D848C610085EF01 /* Sources */ = {
			isa = PBXSourcesBuildPhase;
			buildActionMask = 2147483647;
			files = (
			);
			runOnlyForDeploymentPostprocessing = 0;
		};
/* End PBXSourcesBuildPhase section */

/* Begin PBXTargetDependency section */
		CA704B162D848C610085EF01 /* PBXTargetDependency */ = {
			isa = PBXTargetDependency;
			target = CA704B032D848C5E0085EF01 /* DataAnalysis */;
			targetProxy = CA704B152D848C610085EF01 /* PBXContainerItemProxy */;
		};
		CA704B202D848C610085EF01 /* PBXTargetDependency */ = {
			isa = PBXTargetDependency;
			target = CA704B032D848C5E0085EF01 /* DataAnalysis */;
			targetProxy = CA704B1F2D848C610085EF01 /* PBXContainerItemProxy */;
		};
		CA704B4A2D848D560085EF01 /* PBXTargetDependency */ = {
			isa = PBXTargetDependency;
			productRef = CA704B492D848D560085EF01 /* CodableCSV */;
		};
/* End PBXTargetDependency section */

/* Begin XCBuildConfiguration section */
		CA704B262D848C610085EF01 /* Debug */ = {
			isa = XCBuildConfiguration;
			buildSettings = {
				ALWAYS_SEARCH_USER_PATHS = NO;
				ASSETCATALOG_COMPILER_GENERATE_SWIFT_ASSET_SYMBOL_EXTENSIONS = YES;
				CLANG_ANALYZER_NONNULL = YES;
				CLANG_ANALYZER_NUMBER_OBJECT_CONVERSION = YES_AGGRESSIVE;
				CLANG_CXX_LANGUAGE_STANDARD = "gnu++20";
				CLANG_ENABLE_MODULES = YES;
				CLANG_ENABLE_OBJC_ARC = YES;
				CLANG_ENABLE_OBJC_WEAK = YES;
				CLANG_WARN_BLOCK_CAPTURE_AUTORELEASING = YES;
				CLANG_WARN_BOOL_CONVERSION = YES;
				CLANG_WARN_COMMA = YES;
				CLANG_WARN_CONSTANT_CONVERSION = YES;
				CLANG_WARN_DEPRECATED_OBJC_IMPLEMENTATIONS = YES;
				CLANG_WARN_DIRECT_OBJC_ISA_USAGE = YES_ERROR;
				CLANG_WARN_DOCUMENTATION_COMMENTS = YES;
				CLANG_WARN_EMPTY_BODY = YES;
				CLANG_WARN_ENUM_CONVERSION = YES;
				CLANG_WARN_INFINITE_RECURSION = YES;
				CLANG_WARN_INT_CONVERSION = YES;
				CLANG_WARN_NON_LITERAL_NULL_CONVERSION = YES;
				CLANG_WARN_OBJC_IMPLICIT_RETAIN_SELF = YES;
				CLANG_WARN_OBJC_LITERAL_CONVERSION = YES;
				CLANG_WARN_OBJC_ROOT_CLASS = YES_ERROR;
				CLANG_WARN_QUOTED_INCLUDE_IN_FRAMEWORK_HEADER = YES;
				CLANG_WARN_RANGE_LOOP_ANALYSIS = YES;
				CLANG_WARN_STRICT_PROTOTYPES = YES;
				CLANG_WARN_SUSPICIOUS_MOVE = YES;
				CLANG_WARN_UNGUARDED_AVAILABILITY = YES_AGGRESSIVE;
				CLANG_WARN_UNREACHABLE_CODE = YES;
				CLANG_WARN__DUPLICATE_METHOD_MATCH = YES;
				COPY_PHASE_STRIP = NO;
				DEBUG_INFORMATION_FORMAT = dwarf;
				ENABLE_STRICT_OBJC_MSGSEND = YES;
				ENABLE_TESTABILITY = YES;
				ENABLE_USER_SCRIPT_SANDBOXING = YES;
				GCC_C_LANGUAGE_STANDARD = gnu17;
				GCC_DYNAMIC_NO_PIC = NO;
				GCC_NO_COMMON_BLOCKS = YES;
				GCC_OPTIMIZATION_LEVEL = 0;
				GCC_PREPROCESSOR_DEFINITIONS = (
					"DEBUG=1",
					"$(inherited)",
				);
				GCC_WARN_64_TO_32_BIT_CONVERSION = YES;
				GCC_WARN_ABOUT_RETURN_TYPE = YES_ERROR;
				GCC_WARN_UNDECLARED_SELECTOR = YES;
				GCC_WARN_UNINITIALIZED_AUTOS = YES_AGGRESSIVE;
				GCC_WARN_UNUSED_FUNCTION = YES;
				GCC_WARN_UNUSED_VARIABLE = YES;
				IPHONEOS_DEPLOYMENT_TARGET = 18.2;
				LOCALIZATION_PREFERS_STRING_CATALOGS = YES;
				MTL_ENABLE_DEBUG_INFO = INCLUDE_SOURCE;
				MTL_FAST_MATH = YES;
				ONLY_ACTIVE_ARCH = YES;
				SDKROOT = iphoneos;
				SWIFT_ACTIVE_COMPILATION_CONDITIONS = "DEBUG $(inherited)";
				SWIFT_OPTIMIZATION_LEVEL = "-Onone";
			};
			name = Debug;
		};
		CA704B272D848C610085EF01 /* Release */ = {
			isa = XCBuildConfiguration;
			buildSettings = {
				ALWAYS_SEARCH_USER_PATHS = NO;
				ASSETCATALOG_COMPILER_GENERATE_SWIFT_ASSET_SYMBOL_EXTENSIONS = YES;
				CLANG_ANALYZER_NONNULL = YES;
				CLANG_ANALYZER_NUMBER_OBJECT_CONVERSION = YES_AGGRESSIVE;
				CLANG_CXX_LANGUAGE_STANDARD = "gnu++20";
				CLANG_ENABLE_MODULES = YES;
				CLANG_ENABLE_OBJC_ARC = YES;
				CLANG_ENABLE_OBJC_WEAK = YES;
				CLANG_WARN_BLOCK_CAPTURE_AUTORELEASING = YES;
				CLANG_WARN_BOOL_CONVERSION = YES;
				CLANG_WARN_COMMA = YES;
				CLANG_WARN_CONSTANT_CONVERSION = YES;
				CLANG_WARN_DEPRECATED_OBJC_IMPLEMENTATIONS = YES;
				CLANG_WARN_DIRECT_OBJC_ISA_USAGE = YES_ERROR;
				CLANG_WARN_DOCUMENTATION_COMMENTS = YES;
				CLANG_WARN_EMPTY_BODY = YES;
				CLANG_WARN_ENUM_CONVERSION = YES;
				CLANG_WARN_INFINITE_RECURSION = YES;
				CLANG_WARN_INT_CONVERSION = YES;
				CLANG_WARN_NON_LITERAL_NULL_CONVERSION = YES;
				CLANG_WARN_OBJC_IMPLICIT_RETAIN_SELF = YES;
				CLANG_WARN_OBJC_LITERAL_CONVERSION = YES;
				CLANG_WARN_OBJC_ROOT_CLASS = YES_ERROR;
				CLANG_WARN_QUOTED_INCLUDE_IN_FRAMEWORK_HEADER = YES;
				CLANG_WARN_RANGE_LOOP_ANALYSIS = YES;
				CLANG_WARN_STRICT_PROTOTYPES = YES;
				CLANG_WARN_SUSPICIOUS_MOVE = YES;
				CLANG_WARN_UNGUARDED_AVAILABILITY = YES_AGGRESSIVE;
				CLANG_WARN_UNREACHABLE_CODE = YES;
				CLANG_WARN__DUPLICATE_METHOD_MATCH = YES;
				COPY_PHASE_STRIP = NO;
				DEBUG_INFORMATION_FORMAT = "dwarf-with-dsym";
				ENABLE_NS_ASSERTIONS = NO;
				ENABLE_STRICT_OBJC_MSGSEND = YES;
				ENABLE_USER_SCRIPT_SANDBOXING = YES;
				GCC_C_LANGUAGE_STANDARD = gnu17;
				GCC_NO_COMMON_BLOCKS = YES;
				GCC_WARN_64_TO_32_BIT_CONVERSION = YES;
				GCC_WARN_ABOUT_RETURN_TYPE = YES_ERROR;
				GCC_WARN_UNDECLARED_SELECTOR = YES;
				GCC_WARN_UNINITIALIZED_AUTOS = YES_AGGRESSIVE;
				GCC_WARN_UNUSED_FUNCTION = YES;
				GCC_WARN_UNUSED_VARIABLE = YES;
				IPHONEOS_DEPLOYMENT_TARGET = 18.2;
				LOCALIZATION_PREFERS_STRING_CATALOGS = YES;
				MTL_ENABLE_DEBUG_INFO = NO;
				MTL_FAST_MATH = YES;
				SDKROOT = iphoneos;
				SWIFT_COMPILATION_MODE = wholemodule;
				VALIDATE_PRODUCT = YES;
			};
			name = Release;
		};
		CA704B292D848C610085EF01 /* Debug */ = {
			isa = XCBuildConfiguration;
			buildSettings = {
				ASSETCATALOG_COMPILER_APPICON_NAME = AppIcon;
				ASSETCATALOG_COMPILER_GLOBAL_ACCENT_COLOR_NAME = AccentColor;
				CODE_SIGN_STYLE = Automatic;
				CURRENT_PROJECT_VERSION = 1;
				DEVELOPMENT_ASSET_PATHS = "\"DataAnalysis/Preview Content\"";
				DEVELOPMENT_TEAM = 83Z22V6XMU;
				ENABLE_PREVIEWS = YES;
				GENERATE_INFOPLIST_FILE = YES;
				INFOPLIST_KEY_UIApplicationSceneManifest_Generation = YES;
				INFOPLIST_KEY_UIApplicationSupportsIndirectInputEvents = YES;
				INFOPLIST_KEY_UILaunchScreen_Generation = YES;
				INFOPLIST_KEY_UISupportedInterfaceOrientations_iPad = "UIInterfaceOrientationPortrait UIInterfaceOrientationPortraitUpsideDown UIInterfaceOrientationLandscapeLeft UIInterfaceOrientationLandscapeRight";
				INFOPLIST_KEY_UISupportedInterfaceOrientations_iPhone = "UIInterfaceOrientationPortrait UIInterfaceOrientationLandscapeLeft UIInterfaceOrientationLandscapeRight";
				LD_RUNPATH_SEARCH_PATHS = (
					"$(inherited)",
					"@executable_path/Frameworks",
				);
				MARKETING_VERSION = 1.0;
				PRODUCT_BUNDLE_IDENTIFIER = com.conner.yoon.DataAnalysis;
				PRODUCT_NAME = "$(TARGET_NAME)";
				SWIFT_EMIT_LOC_STRINGS = YES;
				SWIFT_VERSION = 5.0;
				TARGETED_DEVICE_FAMILY = "1,2";
			};
			name = Debug;
		};
		CA704B2A2D848C610085EF01 /* Release */ = {
			isa = XCBuildConfiguration;
			buildSettings = {
				ASSETCATALOG_COMPILER_APPICON_NAME = AppIcon;
				ASSETCATALOG_COMPILER_GLOBAL_ACCENT_COLOR_NAME = AccentColor;
				CODE_SIGN_STYLE = Automatic;
				CURRENT_PROJECT_VERSION = 1;
				DEVELOPMENT_ASSET_PATHS = "\"DataAnalysis/Preview Content\"";
				DEVELOPMENT_TEAM = 83Z22V6XMU;
				ENABLE_PREVIEWS = YES;
				GENERATE_INFOPLIST_FILE = YES;
				INFOPLIST_KEY_UIApplicationSceneManifest_Generation = YES;
				INFOPLIST_KEY_UIApplicationSupportsIndirectInputEvents = YES;
				INFOPLIST_KEY_UILaunchScreen_Generation = YES;
				INFOPLIST_KEY_UISupportedInterfaceOrientations_iPad = "UIInterfaceOrientationPortrait UIInterfaceOrientationPortraitUpsideDown UIInterfaceOrientationLandscapeLeft UIInterfaceOrientationLandscapeRight";
				INFOPLIST_KEY_UISupportedInterfaceOrientations_iPhone = "UIInterfaceOrientationPortrait UIInterfaceOrientationLandscapeLeft UIInterfaceOrientationLandscapeRight";
				LD_RUNPATH_SEARCH_PATHS = (
					"$(inherited)",
					"@executable_path/Frameworks",
				);
				MARKETING_VERSION = 1.0;
				PRODUCT_BUNDLE_IDENTIFIER = com.conner.yoon.DataAnalysis;
				PRODUCT_NAME = "$(TARGET_NAME)";
				SWIFT_EMIT_LOC_STRINGS = YES;
				SWIFT_VERSION = 5.0;
				TARGETED_DEVICE_FAMILY = "1,2";
			};
			name = Release;
		};
		CA704B2C2D848C610085EF01 /* Debug */ = {
			isa = XCBuildConfiguration;
			buildSettings = {
				BUNDLE_LOADER = "$(TEST_HOST)";
				CODE_SIGN_STYLE = Automatic;
				CURRENT_PROJECT_VERSION = 1;
				DEVELOPMENT_TEAM = 83Z22V6XMU;
				GENERATE_INFOPLIST_FILE = YES;
				IPHONEOS_DEPLOYMENT_TARGET = 18.2;
				MARKETING_VERSION = 1.0;
				PRODUCT_BUNDLE_IDENTIFIER = com.conner.yoon.DataAnalysisTests;
				PRODUCT_NAME = "$(TARGET_NAME)";
				SWIFT_EMIT_LOC_STRINGS = NO;
				SWIFT_VERSION = 5.0;
				TARGETED_DEVICE_FAMILY = "1,2";
				TEST_HOST = "$(BUILT_PRODUCTS_DIR)/DataAnalysis.app/$(BUNDLE_EXECUTABLE_FOLDER_PATH)/DataAnalysis";
			};
			name = Debug;
		};
		CA704B2D2D848C610085EF01 /* Release */ = {
			isa = XCBuildConfiguration;
			buildSettings = {
				BUNDLE_LOADER = "$(TEST_HOST)";
				CODE_SIGN_STYLE = Automatic;
				CURRENT_PROJECT_VERSION = 1;
				DEVELOPMENT_TEAM = 83Z22V6XMU;
				GENERATE_INFOPLIST_FILE = YES;
				IPHONEOS_DEPLOYMENT_TARGET = 18.2;
				MARKETING_VERSION = 1.0;
				PRODUCT_BUNDLE_IDENTIFIER = com.conner.yoon.DataAnalysisTests;
				PRODUCT_NAME = "$(TARGET_NAME)";
				SWIFT_EMIT_LOC_STRINGS = NO;
				SWIFT_VERSION = 5.0;
				TARGETED_DEVICE_FAMILY = "1,2";
				TEST_HOST = "$(BUILT_PRODUCTS_DIR)/DataAnalysis.app/$(BUNDLE_EXECUTABLE_FOLDER_PATH)/DataAnalysis";
			};
			name = Release;
		};
		CA704B2F2D848C610085EF01 /* Debug */ = {
			isa = XCBuildConfiguration;
			buildSettings = {
				CODE_SIGN_STYLE = Automatic;
				CURRENT_PROJECT_VERSION = 1;
				DEVELOPMENT_TEAM = 83Z22V6XMU;
				GENERATE_INFOPLIST_FILE = YES;
				MARKETING_VERSION = 1.0;
				PRODUCT_BUNDLE_IDENTIFIER = com.conner.yoon.DataAnalysisUITests;
				PRODUCT_NAME = "$(TARGET_NAME)";
				SWIFT_EMIT_LOC_STRINGS = NO;
				SWIFT_VERSION = 5.0;
				TARGETED_DEVICE_FAMILY = "1,2";
				TEST_TARGET_NAME = DataAnalysis;
			};
			name = Debug;
		};
		CA704B302D848C610085EF01 /* Release */ = {
			isa = XCBuildConfiguration;
			buildSettings = {
				CODE_SIGN_STYLE = Automatic;
				CURRENT_PROJECT_VERSION = 1;
				DEVELOPMENT_TEAM = 83Z22V6XMU;
				GENERATE_INFOPLIST_FILE = YES;
				MARKETING_VERSION = 1.0;
				PRODUCT_BUNDLE_IDENTIFIER = com.conner.yoon.DataAnalysisUITests;
				PRODUCT_NAME = "$(TARGET_NAME)";
				SWIFT_EMIT_LOC_STRINGS = NO;
				SWIFT_VERSION = 5.0;
				TARGETED_DEVICE_FAMILY = "1,2";
				TEST_TARGET_NAME = DataAnalysis;
			};
			name = Release;
		};
/* End XCBuildConfiguration section */

/* Begin XCConfigurationList section */
		CA704AFF2D848C5E0085EF01 /* Build configuration list for PBXProject "DataAnalysis" */ = {
			isa = XCConfigurationList;
			buildConfigurations = (
				CA704B262D848C610085EF01 /* Debug */,
				CA704B272D848C610085EF01 /* Release */,
			);
			defaultConfigurationIsVisible = 0;
			defaultConfigurationName = Release;
		};
		CA704B282D848C610085EF01 /* Build configuration list for PBXNativeTarget "DataAnalysis" */ = {
			isa = XCConfigurationList;
			buildConfigurations = (
				CA704B292D848C610085EF01 /* Debug */,
				CA704B2A2D848C610085EF01 /* Release */,
			);
			defaultConfigurationIsVisible = 0;
			defaultConfigurationName = Release;
		};
		CA704B2B2D848C610085EF01 /* Build configuration list for PBXNativeTarget "DataAnalysisTests" */ = {
			isa = XCConfigurationList;
			buildConfigurations = (
				CA704B2C2D848C610085EF01 /* Debug */,
				CA704B2D2D848C610085EF01 /* Release */,
			);
			defaultConfigurationIsVisible = 0;
			defaultConfigurationName = Release;
		};
		CA704B2E2D848C610085EF01 /* Build configuration list for PBXNativeTarget "DataAnalysisUITests" */ = {
			isa = XCConfigurationList;
			buildConfigurations = (
				CA704B2F2D848C610085EF01 /* Debug */,
				CA704B302D848C610085EF01 /* Release */,
			);
			defaultConfigurationIsVisible = 0;
			defaultConfigurationName = Release;
		};
/* End XCConfigurationList section */

/* Begin XCRemoteSwiftPackageReference section */
		CA704B462D848CC50085EF01 /* XCRemoteSwiftPackageReference "CodableCSV" */ = {
			isa = XCRemoteSwiftPackageReference;
			repositoryURL = "https://github.com/dehesa/CodableCSV";
			requirement = {
				kind = upToNextMajorVersion;
				minimumVersion = 0.6.7;
			};
		};
/* End XCRemoteSwiftPackageReference section */

/* Begin XCSwiftPackageProductDependency section */
		CA704B492D848D560085EF01 /* CodableCSV */ = {
			isa = XCSwiftPackageProductDependency;
			package = CA704B462D848CC50085EF01 /* XCRemoteSwiftPackageReference "CodableCSV" */;
			productName = CodableCSV;
		};
		CA704B4B2D848EB90085EF01 /* CodableCSV */ = {
			isa = XCSwiftPackageProductDependency;
			package = CA704B462D848CC50085EF01 /* XCRemoteSwiftPackageReference "CodableCSV" */;
			productName = CodableCSV;
		};
/* End XCSwiftPackageProductDependency section */
	};
	rootObject = CA704AFC2D848C5E0085EF01 /* Project object */;
}
